Microsoft Visual Studio Solution File, Format Version 11.00
# Visual Studio 2008

Project("{8C89F634-2F4F-7AA2-F3FC-E40170C2F02D}") = "Unity-LaserDefender", "Assembly-CSharp.csproj", "{DE40198A-3304-8980-24F2-9A0965F4F205}"
EndProject
Global
	GlobalSection(SolutionConfigurationPlatforms) = preSolution
		Debug|Any CPU = Debug|Any CPU
		Release|Any CPU = Release|Any CPU
	EndGlobalSection
	GlobalSection(ProjectConfigurationPlatforms) = postSolution
		{DE40198A-3304-8980-24F2-9A0965F4F205}.Debug|Any CPU.ActiveCfg = Debug|Any CPU
		{DE40198A-3304-8980-24F2-9A0965F4F205}.Debug|Any CPU.Build.0 = Debug|Any CPU
		{DE40198A-3304-8980-24F2-9A0965F4F205}.Release|Any CPU.ActiveCfg = Release|Any CPU
		{DE40198A-3304-8980-24F2-9A0965F4F205}.Release|Any CPU.Build.0 = Release|Any CPU
	EndGlobalSection
	GlobalSection(SolutionProperties) = preSolution
		HideSolutionNode = FALSE
	EndGlobalSection
	GlobalSection(MonoDevelopProperties) = preSolution
		StartupItem = Assembly-CSharp.csproj
	EndGlobalSection
EndGlobal
